golang.org/x/exp v0.0.0-20221126150942-6ab00d035af9 h1:yZNXmy+j/JpX19vZkVktWqAo7Gny4PBWYYK3zskGpx4=
golang.org/x/exp v0.0.0-20221126150942-6ab00d035af9/go.mod h1:CxIveKay+FTh1D0yPZemJVgC/95VzuuOLq5Qi4xnoYc=
gonih.org v0.0.0-20220709142908-eee07dfc6929 h1:qQMpNu9ZXOdWuBCh9l2/JTi3DuN5BOVu+/fRmEwsuAU=
gonih.org v0.0.0-20220709142908-eee07dfc6929/go.mod h1:QaDHuVxGrEClV+2O8NFbAj18AAEHj8LM3v4cJFNyaJs=
