github.com/google/go-cmp v0.5.8 h1:e6P7q2lk1O+qJJb4BtCQXlK8vWEO8V1ZeuEdJNOqZyg=
github.com/google/go-cmp v0.5.8/go.mod h1:17dUlkBOakJ0+DkrSSNjCkIjxS6bF9zb3elmeNGIjoY=
github.com/google/renameio/v2 v2.0.0 h1:UifI23ZTGY8Tt29JbYFiuyIU3eX+RNFtUwefq9qAhxg=
github.com/google/renameio/v2 v2.0.0/go.mod h1:BtmJXm5YlszgC+TD4HOEEUFgkJP3nLxehU6hfe7jRt4=
github.com/google/subcommands v1.2.0 h1:vWQspBTo2nEqTUFita5/KeEWlUL8kQObDFbub/EN9oE=
github.com/google/subcommands v1.2.0/go.mod h1:ZjhPrFU+Olkh9WazFPsl27BQ4UPiG37m3yTrtFlrHVk=
golang.org/x/exp v0.0.0-20221208044002-44028be4359e h1:lTjJJUAuWTLRn0pXoNLiVZIFYOIpvmg3MxmZxgO09bM=
golang.org/x/exp v0.0.0-20221208044002-44028be4359e/go.mod h1:CxIveKay+FTh1D0yPZemJVgC/95VzuuOLq5Qi4xnoYc=
golang.org/x/net v0.4.0 h1:Q5QPcMlvfxFTAPV0+07Xz/MpK9NTXu2VDUuy0FeMfaU=
golang.org/x/net v0.4.0/go.mod h1:MBQ8lrhLObU/6UmLb4fmbmk5OcyYmqtbGd/9yIeKjEE=
gonih.org v0.0.0-20220709142908-eee07dfc6929 h1:qQMpNu9ZXOdWuBCh9l2/JTi3DuN5BOVu+/fRmEwsuAU=
gonih.org v0.0.0-20220709142908-eee07dfc6929/go.mod h1:QaDHuVxGrEClV+2O8NFbAj18AAEHj8LM3v4cJFNyaJs=
