github.com/google/go-cmp v0.5.8 h1:e6P7q2lk1O+qJJb4BtCQXlK8vWEO8V1ZeuEdJNOqZyg=
github.com/google/go-cmp v0.5.8/go.mod h1:17dUlkBOakJ0+DkrSSNjCkIjxS6bF9zb3elmeNGIjoY=
github.com/google/renameio v1.0.1 h1:Lh/jXZmvZxb0BBeSY5VKEfidcbcbenKjZFzM/q0fSeU=
github.com/google/renameio v1.0.1/go.mod h1:t/HQoYBZSsWSNK35C6CO/TpPLDVWvxOHboWUAweKUpk=
golang.org/x/exp v0.0.0-20221208044002-44028be4359e h1:lTjJJUAuWTLRn0pXoNLiVZIFYOIpvmg3MxmZxgO09bM=
golang.org/x/exp v0.0.0-20221208044002-44028be4359e/go.mod h1:CxIveKay+FTh1D0yPZemJVgC/95VzuuOLq5Qi4xnoYc=
gonih.org v0.0.0-20220709142908-eee07dfc6929 h1:qQMpNu9ZXOdWuBCh9l2/JTi3DuN5BOVu+/fRmEwsuAU=
gonih.org v0.0.0-20220709142908-eee07dfc6929/go.mod h1:QaDHuVxGrEClV+2O8NFbAj18AAEHj8LM3v4cJFNyaJs=
